// !$*UTF8*$!
{
	archiveVersion = 1;
	classes = {
	};
	objectVersion = 50;
	objects = {

/* Begin PBXBuildFile section */
		A4A939D32479E9730019E4C3 /* AppDelegate.swift in Sources */ = {isa = PBXBuildFile; fileRef = A4A939D22479E9730019E4C3 /* AppDelegate.swift */; };
		A4A939D52479E9730019E4C3 /* SceneDelegate.swift in Sources */ = {isa = PBXBuildFile; fileRef = A4A939D42479E9730019E4C3 /* SceneDelegate.swift */; };
		A4A939D72479E9730019E4C3 /* ContentView.swift in Sources */ = {isa = PBXBuildFile; fileRef = A4A939D62479E9730019E4C3 /* ContentView.swift */; };
		A4A939D92479E9750019E4C3 /* Assets.xcassets in Resources */ = {isa = PBXBuildFile; fileRef = A4A939D82479E9750019E4C3 /* Assets.xcassets */; };
		A4A939DC2479E9750019E4C3 /* Preview Assets.xcassets in Resources */ = {isa = PBXBuildFile; fileRef = A4A939DB2479E9750019E4C3 /* Preview Assets.xcassets */; };
		A4A939DF2479E9750019E4C3 /* LaunchScreen.storyboard in Resources */ = {isa = PBXBuildFile; fileRef = A4A939DD2479E9750019E4C3 /* LaunchScreen.storyboard */; };
		A4A939E72479E9A60019E4C3 /* WordRecognizer.swift in Sources */ = {isa = PBXBuildFile; fileRef = A4A939E62479E9A60019E4C3 /* WordRecognizer.swift */; };
		A4A939E92479E9C00019E4C3 /* WordSynthesizer.swift in Sources */ = {isa = PBXBuildFile; fileRef = A4A939E82479E9C00019E4C3 /* WordSynthesizer.swift */; };
		A4A939ED247C67A60019E4C3 /* GearSheet.swift in Sources */ = {isa = PBXBuildFile; fileRef = A4A939EC247C67A60019E4C3 /* GearSheet.swift */; };
		A4A939EF247D937B0019E4C3 /* SettingsModel.swift in Sources */ = {isa = PBXBuildFile; fileRef = A4A939EE247D937B0019E4C3 /* SettingsModel.swift */; };
		A4A939F1247D96930019E4C3 /* InfoSheet.swift in Sources */ = {isa = PBXBuildFile; fileRef = A4A939F0247D96930019E4C3 /* InfoSheet.swift */; };
/* End PBXBuildFile section */

/* Begin PBXFileReference section */
		A4A939CF2479E9730019E4C3 /* Speak It Spell It.app */ = {isa = PBXFileReference; explicitFileType = wrapper.application; includeInIndex = 0; path = "Speak It Spell It.app"; sourceTree = BUILT_PRODUCTS_DIR; };
		A4A939D22479E9730019E4C3 /* AppDelegate.swift */ = {isa = PBXFileReference; lastKnownFileType = sourcecode.swift; path = AppDelegate.swift; sourceTree = "<group>"; };
		A4A939D42479E9730019E4C3 /* SceneDelegate.swift */ = {isa = PBXFileReference; lastKnownFileType = sourcecode.swift; path = SceneDelegate.swift; sourceTree = "<group>"; };
		A4A939D62479E9730019E4C3 /* ContentView.swift */ = {isa = PBXFileReference; lastKnownFileType = sourcecode.swift; path = ContentView.swift; sourceTree = "<group>"; };
		A4A939D82479E9750019E4C3 /* Assets.xcassets */ = {isa = PBXFileReference; lastKnownFileType = folder.assetcatalog; path = Assets.xcassets; sourceTree = "<group>"; };
		A4A939DB2479E9750019E4C3 /* Preview Assets.xcassets */ = {isa = PBXFileReference; lastKnownFileType = folder.assetcatalog; path = "Preview Assets.xcassets"; sourceTree = "<group>"; };
		A4A939DE2479E9750019E4C3 /* Base */ = {isa = PBXFileReference; lastKnownFileType = file.storyboard; name = Base; path = Base.lproj/LaunchScreen.storyboard; sourceTree = "<group>"; };
		A4A939E02479E9750019E4C3 /* Info.plist */ = {isa = PBXFileReference; lastKnownFileType = text.plist.xml; path = Info.plist; sourceTree = "<group>"; };
		A4A939E62479E9A60019E4C3 /* WordRecognizer.swift */ = {isa = PBXFileReference; lastKnownFileType = sourcecode.swift; path = WordRecognizer.swift; sourceTree = "<group>"; };
		A4A939E82479E9C00019E4C3 /* WordSynthesizer.swift */ = {isa = PBXFileReference; lastKnownFileType = sourcecode.swift; path = WordSynthesizer.swift; sourceTree = "<group>"; };
		A4A939EC247C67A60019E4C3 /* GearSheet.swift */ = {isa = PBXFileReference; lastKnownFileType = sourcecode.swift; path = GearSheet.swift; sourceTree = "<group>"; };
		A4A939EE247D937B0019E4C3 /* SettingsModel.swift */ = {isa = PBXFileReference; lastKnownFileType = sourcecode.swift; path = SettingsModel.swift; sourceTree = "<group>"; };
		A4A939F0247D96930019E4C3 /* InfoSheet.swift */ = {isa = PBXFileReference; fileEncoding = 4; lastKnownFileType = sourcecode.swift; path = InfoSheet.swift; sourceTree = "<group>"; };
/* End PBXFileReference section */

/* Begin PBXFrameworksBuildPhase section */
		A4A939CC2479E9730019E4C3 /* Frameworks */ = {
			isa = PBXFrameworksBuildPhase;
			buildActionMask = 2147483647;
			files = (
			);
			runOnlyForDeploymentPostprocessing = 0;
		};
/* End PBXFrameworksBuildPhase section */

/* Begin PBXGroup section */
		A4A939C62479E9730019E4C3 = {
			isa = PBXGroup;
			children = (
				A4A939D12479E9730019E4C3 /* Speak It Spell It */,
				A4A939D02479E9730019E4C3 /* Products */,
			);
			sourceTree = "<group>";
		};
		A4A939D02479E9730019E4C3 /* Products */ = {
			isa = PBXGroup;
			children = (
				A4A939CF2479E9730019E4C3 /* Speak It Spell It.app */,
			);
			name = Products;
			sourceTree = "<group>";
		};
		A4A939D12479E9730019E4C3 /* Speak It Spell It */ = {
			isa = PBXGroup;
			children = (
				A4A939D22479E9730019E4C3 /* AppDelegate.swift */,
				A4A939D42479E9730019E4C3 /* SceneDelegate.swift */,
				A4A939D62479E9730019E4C3 /* ContentView.swift */,
				A4A939F0247D96930019E4C3 /* InfoSheet.swift */,
				A4A939EC247C67A60019E4C3 /* GearSheet.swift */,
				A4A939EE247D937B0019E4C3 /* SettingsModel.swift */,
				A4A939E62479E9A60019E4C3 /* WordRecognizer.swift */,
				A4A939E82479E9C00019E4C3 /* WordSynthesizer.swift */,
				A4A939D82479E9750019E4C3 /* Assets.xcassets */,
				A4A939DD2479E9750019E4C3 /* LaunchScreen.storyboard */,
				A4A939E02479E9750019E4C3 /* Info.plist */,
				A4A939DA2479E9750019E4C3 /* Preview Content */,
			);
			path = "Speak It Spell It";
			sourceTree = "<group>";
		};
		A4A939DA2479E9750019E4C3 /* Preview Content */ = {
			isa = PBXGroup;
			children = (
				A4A939DB2479E9750019E4C3 /* Preview Assets.xcassets */,
			);
			path = "Preview Content";
			sourceTree = "<group>";
		};
/* End PBXGroup section */

/* Begin PBXNativeTarget section */
		A4A939CE2479E9730019E4C3 /* Speak It Spell It */ = {
			isa = PBXNativeTarget;
			buildConfigurationList = A4A939E32479E9750019E4C3 /* Build configuration list for PBXNativeTarget "Speak It Spell It" */;
			buildPhases = (
				A4A939CB2479E9730019E4C3 /* Sources */,
				A4A939CC2479E9730019E4C3 /* Frameworks */,
				A4A939CD2479E9730019E4C3 /* Resources */,
			);
			buildRules = (
			);
			dependencies = (
			);
			name = "Speak It Spell It";
			productName = "Speak It Spell It";
			productReference = A4A939CF2479E9730019E4C3 /* Speak It Spell It.app */;
			productType = "com.apple.product-type.application";
		};
/* End PBXNativeTarget section */

/* Begin PBXProject section */
		A4A939C72479E9730019E4C3 /* Project object */ = {
			isa = PBXProject;
			attributes = {
				LastSwiftUpdateCheck = 1140;
				LastUpgradeCheck = 1140;
				ORGANIZATIONNAME = "David Kramer";
				TargetAttributes = {
					A4A939CE2479E9730019E4C3 = {
						CreatedOnToolsVersion = 11.4.1;
					};
				};
			};
			buildConfigurationList = A4A939CA2479E9730019E4C3 /* Build configuration list for PBXProject "Speak It Spell It" */;
			compatibilityVersion = "Xcode 9.3";
			developmentRegion = en;
			hasScannedForEncodings = 0;
			knownRegions = (
				en,
				Base,
			);
			mainGroup = A4A939C62479E9730019E4C3;
			productRefGroup = A4A939D02479E9730019E4C3 /* Products */;
			projectDirPath = "";
			projectRoot = "";
			targets = (
				A4A939CE2479E9730019E4C3 /* Speak It Spell It */,
			);
		};
/* End PBXProject section */

/* Begin PBXResourcesBuildPhase section */
		A4A939CD2479E9730019E4C3 /* Resources */ = {
			isa = PBXResourcesBuildPhase;
			buildActionMask = 2147483647;
			files = (
				A4A939DF2479E9750019E4C3 /* LaunchScreen.storyboard in Resources */,
				A4A939DC2479E9750019E4C3 /* Preview Assets.xcassets in Resources */,
				A4A939D92479E9750019E4C3 /* Assets.xcassets in Resources */,
			);
			runOnlyForDeploymentPostprocessing = 0;
		};
/* End PBXResourcesBuildPhase section */

/* Begin PBXSourcesBuildPhase section */
		A4A939CB2479E9730019E4C3 /* Sources */ = {
			isa = PBXSourcesBuildPhase;
			buildActionMask = 2147483647;
			files = (
				A4A939EF247D937B0019E4C3 /* SettingsModel.swift in Sources */,
				A4A939E92479E9C00019E4C3 /* WordSynthesizer.swift in Sources */,
				A4A939D32479E9730019E4C3 /* AppDelegate.swift in Sources */,
				A4A939D52479E9730019E4C3 /* SceneDelegate.swift in Sources */,
				A4A939D72479E9730019E4C3 /* ContentView.swift in Sources */,
				A4A939ED247C67A60019E4C3 /* GearSheet.swift in Sources */,
				A4A939E72479E9A60019E4C3 /* WordRecognizer.swift in Sources */,
				A4A939F1247D96930019E4C3 /* InfoSheet.swift in Sources */,
			);
			runOnlyForDeploymentPostprocessing = 0;
		};
/* End PBXSourcesBuildPhase section */

/* Begin PBXVariantGroup section */
		A4A939DD2479E9750019E4C3 /* LaunchScreen.storyboard */ = {
			isa = PBXVariantGroup;
			children = (
				A4A939DE2479E9750019E4C3 /* Base */,
			);
			name = LaunchScreen.storyboard;
			sourceTree = "<group>";
		};
/* End PBXVariantGroup section */

/* Begin XCBuildConfiguration section */
		A4A939E12479E9750019E4C3 /* Debug */ = {
			isa = XCBuildConfiguration;
			buildSettings = {
				ALWAYS_SEARCH_USER_PATHS = NO;
				CLANG_ANALYZER_NONNULL = YES;
				CLANG_ANALYZER_NUMBER_OBJECT_CONVERSION = YES_AGGRESSIVE;
				CLANG_CXX_LANGUAGE_STANDARD = "gnu++14";
				CLANG_CXX_LIBRARY = "libc++";
				CLANG_ENABLE_MODULES = YES;
				CLANG_ENABLE_OBJC_ARC = YES;
				CLANG_ENABLE_OBJC_WEAK = YES;
				CLANG_WARN_BLOCK_CAPTURE_AUTORELEASING = YES;
				CLANG_WARN_BOOL_CONVERSION = YES;
				CLANG_WARN_COMMA = YES;
				CLANG_WARN_CONSTANT_CONVERSION = YES;
				CLANG_WARN_DEPRECATED_OBJC_IMPLEMENTATIONS = YES;
				CLANG_WARN_DIRECT_OBJC_ISA_USAGE = YES_ERROR;
				CLANG_WARN_DOCUMENTATION_COMMENTS = YES;
				CLANG_WARN_EMPTY_BODY = YES;
				CLANG_WARN_ENUM_CONVERSION = YES;
				CLANG_WARN_INFINITE_RECURSION = YES;
				CLANG_WARN_INT_CONVERSION = YES;
				CLANG_WARN_NON_LITERAL_NULL_CONVERSION = YES;
				CLANG_WARN_OBJC_IMPLICIT_RETAIN_SELF = YES;
				CLANG_WARN_OBJC_LITERAL_CONVERSION = YES;
				CLANG_WARN_OBJC_ROOT_CLASS = YES_ERROR;
				CLANG_WARN_RANGE_LOOP_ANALYSIS = YES;
				CLANG_WARN_STRICT_PROTOTYPES = YES;
				CLANG_WARN_SUSPICIOUS_MOVE = YES;
				CLANG_WARN_UNGUARDED_AVAILABILITY = YES_AGGRESSIVE;
				CLANG_WARN_UNREACHABLE_CODE = YES;
				CLANG_WARN__DUPLICATE_METHOD_MATCH = YES;
				COPY_PHASE_STRIP = NO;
				DEBUG_INFORMATION_FORMAT = dwarf;
				ENABLE_STRICT_OBJC_MSGSEND = YES;
				ENABLE_TESTABILITY = YES;
				GCC_C_LANGUAGE_STANDARD = gnu11;
				GCC_DYNAMIC_NO_PIC = NO;
				GCC_NO_COMMON_BLOCKS = YES;
				GCC_OPTIMIZATION_LEVEL = 0;
				GCC_PREPROCESSOR_DEFINITIONS = (
					"DEBUG=1",
					"$(inherited)",
				);
				GCC_WARN_64_TO_32_BIT_CONVERSION = YES;
				GCC_WARN_ABOUT_RETURN_TYPE = YES_ERROR;
				GCC_WARN_UNDECLARED_SELECTOR = YES;
				GCC_WARN_UNINITIALIZED_AUTOS = YES_AGGRESSIVE;
				GCC_WARN_UNUSED_FUNCTION = YES;
				GCC_WARN_UNUSED_VARIABLE = YES;
				IPHONEOS_DEPLOYMENT_TARGET = 13.4;
				MTL_ENABLE_DEBUG_INFO = INCLUDE_SOURCE;
				MTL_FAST_MATH = YES;
				ONLY_ACTIVE_ARCH = YES;
				SDKROOT = iphoneos;
				SWIFT_ACTIVE_COMPILATION_CONDITIONS = DEBUG;
				SWIFT_OPTIMIZATION_LEVEL = "-Onone";
			};
			name = Debug;
		};
		A4A939E22479E9750019E4C3 /* Release */ = {
			isa = XCBuildConfiguration;
			buildSettings = {
				ALWAYS_SEARCH_USER_PATHS = NO;
				CLANG_ANALYZER_NONNULL = YES;
				CLANG_ANALYZER_NUMBER_OBJECT_CONVERSION = YES_AGGRESSIVE;
				CLANG_CXX_LANGUAGE_STANDARD = "gnu++14";
				CLANG_CXX_LIBRARY = "libc++";
				CLANG_ENABLE_MODULES = YES;
				CLANG_ENABLE_OBJC_ARC = YES;
				CLANG_ENABLE_OBJC_WEAK = YES;
				CLANG_WARN_BLOCK_CAPTURE_AUTORELEASING = YES;
				CLANG_WARN_BOOL_CONVERSION = YES;
				CLANG_WARN_COMMA = YES;
				CLANG_WARN_CONSTANT_CONVERSION = YES;
				CLANG_WARN_DEPRECATED_OBJC_IMPLEMENTATIONS = YES;
				CLANG_WARN_DIRECT_OBJC_ISA_USAGE = YES_ERROR;
				CLANG_WARN_DOCUMENTATION_COMMENTS = YES;
				CLANG_WARN_EMPTY_BODY = YES;
				CLANG_WARN_ENUM_CONVERSION = YES;
				CLANG_WARN_INFINITE_RECURSION = YES;
				CLANG_WARN_INT_CONVERSION = YES;
				CLANG_WARN_NON_LITERAL_NULL_CONVERSION = YES;
				CLANG_WARN_OBJC_IMPLICIT_RETAIN_SELF = YES;
				CLANG_WARN_OBJC_LITERAL_CONVERSION = YES;
				CLANG_WARN_OBJC_ROOT_CLASS = YES_ERROR;
				CLANG_WARN_RANGE_LOOP_ANALYSIS = YES;
				CLANG_WARN_STRICT_PROTOTYPES = YES;
				CLANG_WARN_SUSPICIOUS_MOVE = YES;
				CLANG_WARN_UNGUARDED_AVAILABILITY = YES_AGGRESSIVE;
				CLANG_WARN_UNREACHABLE_CODE = YES;
				CLANG_WARN__DUPLICATE_METHOD_MATCH = YES;
				COPY_PHASE_STRIP = NO;
				DEBUG_INFORMATION_FORMAT = "dwarf-with-dsym";
				ENABLE_NS_ASSERTIONS = NO;
				ENABLE_STRICT_OBJC_MSGSEND = YES;
				GCC_C_LANGUAGE_STANDARD = gnu11;
				GCC_NO_COMMON_BLOCKS = YES;
				GCC_WARN_64_TO_32_BIT_CONVERSION = YES;
				GCC_WARN_ABOUT_RETURN_TYPE = YES_ERROR;
				GCC_WARN_UNDECLARED_SELECTOR = YES;
				GCC_WARN_UNINITIALIZED_AUTOS = YES_AGGRESSIVE;
				GCC_WARN_UNUSED_FUNCTION = YES;
				GCC_WARN_UNUSED_VARIABLE = YES;
				IPHONEOS_DEPLOYMENT_TARGET = 13.4;
				MTL_ENABLE_DEBUG_INFO = NO;
				MTL_FAST_MATH = YES;
				SDKROOT = iphoneos;
				SWIFT_COMPILATION_MODE = wholemodule;
				SWIFT_OPTIMIZATION_LEVEL = "-O";
				VALIDATE_PRODUCT = YES;
			};
			name = Release;
		};
		A4A939E42479E9750019E4C3 /* Debug */ = {
			isa = XCBuildConfiguration;
			buildSettings = {
				ASSETCATALOG_COMPILER_APPICON_NAME = AppIcon;
				CODE_SIGN_IDENTITY = "iPhone Distribution";
				CODE_SIGN_STYLE = Manual;
				CURRENT_PROJECT_VERSION = 5;
				DEVELOPMENT_ASSET_PATHS = "\"Speak It Spell It/Preview Content\"";
				DEVELOPMENT_TEAM = WPEJJ9FF9Y;
				ENABLE_PREVIEWS = YES;
				INFOPLIST_FILE = "Speak It Spell It/Info.plist";
				LD_RUNPATH_SEARCH_PATHS = (
					"$(inherited)",
					"@executable_path/Frameworks",
				);
				MARKETING_VERSION = 1.2.2;
				PRODUCT_BUNDLE_IDENTIFIER = "net.bacongravy.speak-it-spell-it";
				PRODUCT_NAME = "$(TARGET_NAME)";
				PROVISIONING_PROFILE_SPECIFIER = "Speak It Spell It";
				SWIFT_VERSION = 5.0;
				TARGETED_DEVICE_FAMILY = "1,2";
			};
			name = Debug;
		};
		A4A939E52479E9750019E4C3 /* Release */ = {
			isa = XCBuildConfiguration;
			buildSettings = {
				ASSETCATALOG_COMPILER_APPICON_NAME = AppIcon;
				CODE_SIGN_IDENTITY = "iPhone Distribution";
				CODE_SIGN_STYLE = Manual;
				CURRENT_PROJECT_VERSION = 5;
				DEVELOPMENT_ASSET_PATHS = "\"Speak It Spell It/Preview Content\"";
				DEVELOPMENT_TEAM = WPEJJ9FF9Y;
				ENABLE_PREVIEWS = YES;
				INFOPLIST_FILE = "Speak It Spell It/Info.plist";
				LD_RUNPATH_SEARCH_PATHS = (
					"$(inherited)",
					"@executable_path/Frameworks",
				);
				MARKETING_VERSION = 1.2.2;
				PRODUCT_BUNDLE_IDENTIFIER = "net.bacongravy.speak-it-spell-it";
				PRODUCT_NAME = "$(TARGET_NAME)";
				PROVISIONING_PROFILE_SPECIFIER = "Speak It Spell It";
				SWIFT_VERSION = 5.0;
				TARGETED_DEVICE_FAMILY = "1,2";
			};
			name = Release;
		};
/* End XCBuildConfiguration section */

/* Begin XCConfigurationList section */
		A4A939CA2479E9730019E4C3 /* Build configuration list for PBXProject "Speak It Spell It" */ = {
			isa = XCConfigurationList;
			buildConfigurations = (
				A4A939E12479E9750019E4C3 /* Debug */,
				A4A939E22479E9750019E4C3 /* Release */,
			);
			defaultConfigurationIsVisible = 0;
			defaultConfigurationName = Release;
		};
		A4A939E32479E9750019E4C3 /* Build configuration list for PBXNativeTarget "Speak It Spell It" */ = {
			isa = XCConfigurationList;
			buildConfigurations = (
				A4A939E42479E9750019E4C3 /* Debug */,
				A4A939E52479E9750019E4C3 /* Release */,
			);
			defaultConfigurationIsVisible = 0;
			defaultConfigurationName = Release;
		};
/* End XCConfigurationList section */
	};
	rootObject = A4A939C72479E9730019E4C3 /* Project object */;
}
